
Microsoft Visual Studio Solution File, Format Version 12.00
# Visual Studio Version 16
VisualStudioVersion = 16.0.30907.101
MinimumVisualStudioVersion = 10.0.40219.1
Project("{FAE04EC0-301F-11D3-BF4B-00C04F79EFBC}") = "pawboi", "pawboi.csproj", "{5BCF7B23-14FC-461F-A479-3685A0598A6B}"
EndProject
Global
	GlobalSection(SolutionConfigurationPlatforms) = preSolution
		Debug|Any CPU = Debug|Any CPU
		Release|Any CPU = Release|Any CPU
	EndGlobalSection
	GlobalSection(ProjectConfigurationPlatforms) = postSolution
		{5BCF7B23-14FC-461F-A479-3685A0598A6B}.Debug|Any CPU.ActiveCfg = Debug|Any CPU
		{5BCF7B23-14FC-461F-A479-3685A0598A6B}.Debug|Any CPU.Build.0 = Debug|Any CPU
		{5BCF7B23-14FC-461F-A479-3685A0598A6B}.Release|Any CPU.ActiveCfg = Release|Any CPU
		{5BCF7B23-14FC-461F-A479-3685A0598A6B}.Release|Any CPU.Build.0 = Release|Any CPU
	EndGlobalSection
	GlobalSection(SolutionProperties) = preSolution
		HideSolutionNode = FALSE
	EndGlobalSection
	GlobalSection(ExtensibilityGlobals) = postSolution
		SolutionGuid = {CAA25A59-3601-45AE-8CDD-FB44834361EB}
	EndGlobalSection
EndGlobal
